
Microsoft Visual Studio Solution File, Format Version 12.00
# Visual Studio 2013
Project("{FAE04EC0-301F-11D3-BF4B-00C04F79EFBC}") = "UnityVS.RollingSpace.CSharp", "UnityVS.RollingSpace.CSharp.csproj", "{8A217C26-83F4-A15F-AC12-62F8E294525E}"
EndProject
Project("{FAE04EC0-301F-11D3-BF4B-00C04F79EFBC}") = "UnityVS.RollingSpace.CSharp.Plugins", "UnityVS.RollingSpace.CSharp.Plugins.csproj", "{8431D88A-7687-E6AC-814B-FA90DA5CE08A}"
EndProject
Global
	GlobalSection(SolutionConfigurationPlatforms) = preSolution
		Debug|Any CPU = Debug|Any CPU
		Release|Any CPU = Release|Any CPU
	EndGlobalSection
	GlobalSection(ProjectConfigurationPlatforms) = postSolution
		{8A217C26-83F4-A15F-AC12-62F8E294525E}.Debug|Any CPU.ActiveCfg = Debug|Any CPU
		{8A217C26-83F4-A15F-AC12-62F8E294525E}.Debug|Any CPU.Build.0 = Debug|Any CPU
		{8A217C26-83F4-A15F-AC12-62F8E294525E}.Release|Any CPU.ActiveCfg = Release|Any CPU
		{8A217C26-83F4-A15F-AC12-62F8E294525E}.Release|Any CPU.Build.0 = Release|Any CPU
		{8431D88A-7687-E6AC-814B-FA90DA5CE08A}.Debug|Any CPU.ActiveCfg = Debug|Any CPU
		{8431D88A-7687-E6AC-814B-FA90DA5CE08A}.Debug|Any CPU.Build.0 = Debug|Any CPU
		{8431D88A-7687-E6AC-814B-FA90DA5CE08A}.Release|Any CPU.ActiveCfg = Release|Any CPU
		{8431D88A-7687-E6AC-814B-FA90DA5CE08A}.Release|Any CPU.Build.0 = Release|Any CPU
	EndGlobalSection
	GlobalSection(SolutionProperties) = preSolution
		HideSolutionNode = FALSE
	EndGlobalSection
EndGlobal
